%{"decimal": {:hex, :decimal, "1.1.0"},
  "ecto": {:hex, :ecto, "0.7.1"},
  "eredis": {:git, "git://github.com/wooga/eredis.git", "471dd471060daa1d98391cb69ae006f8ba79a042", [ref: "471dd"]},
  "exredis": {:git, "git://github.com/artemeff/exredis.git", "321487f1e747225ff86c5d8af7bb7f3b7a7901d6", [tag: "0.1.0"]},
  "poolboy": {:hex, :poolboy, "1.4.2"},
  "postgrex": {:hex, :postgrex, "0.7.0"}}
